
Microsoft Visual Studio Solution File, Format Version 12.00
# Visual Studio Version 17
VisualStudioVersion = 17.0.31903.59
MinimumVisualStudioVersion = 10.0.40219.1
Project("{FAE04EC0-301F-11D3-BF4B-00C04F79EFBC}") = "Drastic.InAppSettingsSample.Catalyst", "Drastic.InAppSettingsSample.Catalyst\Drastic.InAppSettingsSample.Catalyst.csproj", "{667428AD-B7BE-478E-AB2B-BF1660202AE6}"
EndProject
Project("{FAE04EC0-301F-11D3-BF4B-00C04F79EFBC}") = "Drastic.InAppSettingsSample.iOS", "Drastic.InAppSettingsSample.iOS\Drastic.InAppSettingsSample.iOS.csproj", "{FFE72B56-A414-4876-ABF2-6B3D30FF6D46}"
EndProject
Global
	GlobalSection(SolutionConfigurationPlatforms) = preSolution
		Debug|Any CPU = Debug|Any CPU
		Release|Any CPU = Release|Any CPU
	EndGlobalSection
	GlobalSection(SolutionProperties) = preSolution
		HideSolutionNode = FALSE
	EndGlobalSection
	GlobalSection(ProjectConfigurationPlatforms) = postSolution
		{667428AD-B7BE-478E-AB2B-BF1660202AE6}.Debug|Any CPU.ActiveCfg = Debug|Any CPU
		{667428AD-B7BE-478E-AB2B-BF1660202AE6}.Debug|Any CPU.Build.0 = Debug|Any CPU
		{667428AD-B7BE-478E-AB2B-BF1660202AE6}.Release|Any CPU.ActiveCfg = Release|Any CPU
		{667428AD-B7BE-478E-AB2B-BF1660202AE6}.Release|Any CPU.Build.0 = Release|Any CPU
		{FFE72B56-A414-4876-ABF2-6B3D30FF6D46}.Debug|Any CPU.ActiveCfg = Debug|Any CPU
		{FFE72B56-A414-4876-ABF2-6B3D30FF6D46}.Debug|Any CPU.Build.0 = Debug|Any CPU
		{FFE72B56-A414-4876-ABF2-6B3D30FF6D46}.Release|Any CPU.ActiveCfg = Release|Any CPU
		{FFE72B56-A414-4876-ABF2-6B3D30FF6D46}.Release|Any CPU.Build.0 = Release|Any CPU
	EndGlobalSection
EndGlobal
